// !$*UTF8*$!
{
	archiveVersion = 1;
	classes = {
	};
	objectVersion = 77;
	objects = {

/* Begin PBXBuildFile section */
		E1BDC23B2D4020BF009EBDFF /* Alamofire in Frameworks */ = {isa = PBXBuildFile; productRef = E1BDC23A2D4020BF009EBDFF /* Alamofire */; };
		E1F79D802D7843800071E750 /* Mocker in Frameworks */ = {isa = PBXBuildFile; productRef = E1F79D7F2D7843800071E750 /* Mocker */; };
/* End PBXBuildFile section */

/* Begin PBXContainerItemProxy section */
		9A79F6722CA5D6890015AF4B /* PBXContainerItemProxy */ = {
			isa = PBXContainerItemProxy;
			containerPortal = 9A79F6592CA5D6870015AF4B /* Project object */;
			proxyType = 1;
			remoteGlobalIDString = 9A79F6602CA5D6870015AF4B;
			remoteInfo = Reciplease;
		};
		9A79F67C2CA5D6890015AF4B /* PBXContainerItemProxy */ = {
			isa = PBXContainerItemProxy;
			containerPortal = 9A79F6592CA5D6870015AF4B /* Project object */;
			proxyType = 1;
			remoteGlobalIDString = 9A79F6602CA5D6870015AF4B;
			remoteInfo = Reciplease;
		};
/* End PBXContainerItemProxy section */

/* Begin PBXCopyFilesBuildPhase section */
		E1BDC23F2D402155009EBDFF /* Embed Frameworks */ = {
			isa = PBXCopyFilesBuildPhase;
			buildActionMask = 2147483647;
			dstPath = "";
			dstSubfolderSpec = 10;
			files = (
			);
			name = "Embed Frameworks";
			runOnlyForDeploymentPostprocessing = 0;
		};
/* End PBXCopyFilesBuildPhase section */

/* Begin PBXFileReference section */
		9A79F6612CA5D6870015AF4B /* Reciplease.app */ = {isa = PBXFileReference; explicitFileType = wrapper.application; includeInIndex = 0; path = Reciplease.app; sourceTree = BUILT_PRODUCTS_DIR; };
		9A79F6712CA5D6890015AF4B /* RecipleaseTests.xctest */ = {isa = PBXFileReference; explicitFileType = wrapper.cfbundle; includeInIndex = 0; path = RecipleaseTests.xctest; sourceTree = BUILT_PRODUCTS_DIR; };
		9A79F67B2CA5D6890015AF4B /* RecipleaseUITests.xctest */ = {isa = PBXFileReference; explicitFileType = wrapper.cfbundle; includeInIndex = 0; path = RecipleaseUITests.xctest; sourceTree = BUILT_PRODUCTS_DIR; };
/* End PBXFileReference section */

/* Begin PBXFileSystemSynchronizedBuildFileExceptionSet section */
		9A79F6AC2CA5ED900015AF4B /* Exceptions for "Reciplease" folder in "Reciplease" target */ = {
			isa = PBXFileSystemSynchronizedBuildFileExceptionSet;
			membershipExceptions = (
				Config.xcconfig,
				Info.plist,
			);
			target = 9A79F6602CA5D6870015AF4B /* Reciplease */;
		};
/* End PBXFileSystemSynchronizedBuildFileExceptionSet section */

/* Begin PBXFileSystemSynchronizedRootGroup section */
		9A79F6632CA5D6870015AF4B /* Reciplease */ = {
			isa = PBXFileSystemSynchronizedRootGroup;
			exceptions = (
				9A79F6AC2CA5ED900015AF4B /* Exceptions for "Reciplease" folder in "Reciplease" target */,
			);
			path = Reciplease;
			sourceTree = "<group>";
		};
		9A79F6742CA5D6890015AF4B /* RecipleaseTests */ = {
			isa = PBXFileSystemSynchronizedRootGroup;
			path = RecipleaseTests;
			sourceTree = "<group>";
		};
/* End PBXFileSystemSynchronizedRootGroup section */

/* Begin PBXFrameworksBuildPhase section */
		9A79F65E2CA5D6870015AF4B /* Frameworks */ = {
			isa = PBXFrameworksBuildPhase;
			buildActionMask = 2147483647;
			files = (
				E1BDC23B2D4020BF009EBDFF /* Alamofire in Frameworks */,
			);
			runOnlyForDeploymentPostprocessing = 0;
		};
		9A79F66E2CA5D6890015AF4B /* Frameworks */ = {
			isa = PBXFrameworksBuildPhase;
			buildActionMask = 2147483647;
			files = (
				E1F79D802D7843800071E750 /* Mocker in Frameworks */,
			);
			runOnlyForDeploymentPostprocessing = 0;
		};
		9A79F6782CA5D6890015AF4B /* Frameworks */ = {
			isa = PBXFrameworksBuildPhase;
			buildActionMask = 2147483647;
			files = (
			);
			runOnlyForDeploymentPostprocessing = 0;
		};
/* End PBXFrameworksBuildPhase section */

/* Begin PBXGroup section */
		9A79F6582CA5D6870015AF4B = {
			isa = PBXGroup;
			children = (
				9A79F6632CA5D6870015AF4B /* Reciplease */,
				9A79F6742CA5D6890015AF4B /* RecipleaseTests */,
				9A79F6622CA5D6870015AF4B /* Products */,
			);
			sourceTree = "<group>";
		};
		9A79F6622CA5D6870015AF4B /* Products */ = {
			isa = PBXGroup;
			children = (
				9A79F6612CA5D6870015AF4B /* Reciplease.app */,
				9A79F6712CA5D6890015AF4B /* RecipleaseTests.xctest */,
				9A79F67B2CA5D6890015AF4B /* RecipleaseUITests.xctest */,
			);
			name = Products;
			sourceTree = "<group>";
		};
/* End PBXGroup section */

/* Begin PBXNativeTarget section */
		9A79F6602CA5D6870015AF4B /* Reciplease */ = {
			isa = PBXNativeTarget;
			buildConfigurationList = 9A79F6852CA5D6890015AF4B /* Build configuration list for PBXNativeTarget "Reciplease" */;
			buildPhases = (
				9A79F65D2CA5D6870015AF4B /* Sources */,
				9A79F65E2CA5D6870015AF4B /* Frameworks */,
				9A79F65F2CA5D6870015AF4B /* Resources */,
				E1BDC23F2D402155009EBDFF /* Embed Frameworks */,
			);
			buildRules = (
			);
			dependencies = (
			);
			fileSystemSynchronizedGroups = (
				9A79F6632CA5D6870015AF4B /* Reciplease */,
			);
			name = Reciplease;
			packageProductDependencies = (
				E1BDC23A2D4020BF009EBDFF /* Alamofire */,
			);
			productName = Reciplease;
			productReference = 9A79F6612CA5D6870015AF4B /* Reciplease.app */;
			productType = "com.apple.product-type.application";
		};
		9A79F6702CA5D6890015AF4B /* RecipleaseTests */ = {
			isa = PBXNativeTarget;
			buildConfigurationList = 9A79F6882CA5D6890015AF4B /* Build configuration list for PBXNativeTarget "RecipleaseTests" */;
			buildPhases = (
				9A79F66D2CA5D6890015AF4B /* Sources */,
				9A79F66E2CA5D6890015AF4B /* Frameworks */,
				9A79F66F2CA5D6890015AF4B /* Resources */,
			);
			buildRules = (
			);
			dependencies = (
				9A79F6732CA5D6890015AF4B /* PBXTargetDependency */,
			);
			fileSystemSynchronizedGroups = (
				9A79F6742CA5D6890015AF4B /* RecipleaseTests */,
			);
			name = RecipleaseTests;
			packageProductDependencies = (
				E1F79D7F2D7843800071E750 /* Mocker */,
			);
			productName = RecipleaseTests;
			productReference = 9A79F6712CA5D6890015AF4B /* RecipleaseTests.xctest */;
			productType = "com.apple.product-type.bundle.unit-test";
		};
		9A79F67A2CA5D6890015AF4B /* RecipleaseUITests */ = {
			isa = PBXNativeTarget;
			buildConfigurationList = 9A79F68B2CA5D6890015AF4B /* Build configuration list for PBXNativeTarget "RecipleaseUITests" */;
			buildPhases = (
				9A79F6772CA5D6890015AF4B /* Sources */,
				9A79F6782CA5D6890015AF4B /* Frameworks */,
				9A79F6792CA5D6890015AF4B /* Resources */,
			);
			buildRules = (
			);
			dependencies = (
				9A79F67D2CA5D6890015AF4B /* PBXTargetDependency */,
			);
			name = RecipleaseUITests;
			packageProductDependencies = (
			);
			productName = RecipleaseUITests;
			productReference = 9A79F67B2CA5D6890015AF4B /* RecipleaseUITests.xctest */;
			productType = "com.apple.product-type.bundle.ui-testing";
		};
/* End PBXNativeTarget section */

/* Begin PBXProject section */
		9A79F6592CA5D6870015AF4B /* Project object */ = {
			isa = PBXProject;
			attributes = {
				BuildIndependentTargetsInParallel = 1;
				LastSwiftUpdateCheck = 1600;
				LastUpgradeCheck = 1620;
				TargetAttributes = {
					9A79F6602CA5D6870015AF4B = {
						CreatedOnToolsVersion = 16.0;
					};
					9A79F6702CA5D6890015AF4B = {
						CreatedOnToolsVersion = 16.0;
						TestTargetID = 9A79F6602CA5D6870015AF4B;
					};
					9A79F67A2CA5D6890015AF4B = {
						CreatedOnToolsVersion = 16.0;
						TestTargetID = 9A79F6602CA5D6870015AF4B;
					};
				};
			};
			buildConfigurationList = 9A79F65C2CA5D6870015AF4B /* Build configuration list for PBXProject "Reciplease" */;
			developmentRegion = en;
			hasScannedForEncodings = 0;
			knownRegions = (
				en,
				Base,
			);
			mainGroup = 9A79F6582CA5D6870015AF4B;
			minimizedProjectReferenceProxies = 1;
			packageReferences = (
				E1BDC2392D4020BF009EBDFF /* XCRemoteSwiftPackageReference "Alamofire" */,
				E1F79D7E2D7843800071E750 /* XCRemoteSwiftPackageReference "Mocker" */,
			);
			preferredProjectObjectVersion = 77;
			productRefGroup = 9A79F6622CA5D6870015AF4B /* Products */;
			projectDirPath = "";
			projectRoot = "";
			targets = (
				9A79F6602CA5D6870015AF4B /* Reciplease */,
				9A79F6702CA5D6890015AF4B /* RecipleaseTests */,
				9A79F67A2CA5D6890015AF4B /* RecipleaseUITests */,
			);
		};
/* End PBXProject section */

/* Begin PBXResourcesBuildPhase section */
		9A79F65F2CA5D6870015AF4B /* Resources */ = {
			isa = PBXResourcesBuildPhase;
			buildActionMask = 2147483647;
			files = (
			);
			runOnlyForDeploymentPostprocessing = 0;
		};
		9A79F66F2CA5D6890015AF4B /* Resources */ = {
			isa = PBXResourcesBuildPhase;
			buildActionMask = 2147483647;
			files = (
			);
			runOnlyForDeploymentPostprocessing = 0;
		};
		9A79F6792CA5D6890015AF4B /* Resources */ = {
			isa = PBXResourcesBuildPhase;
			buildActionMask = 2147483647;
			files = (
			);
			runOnlyForDeploymentPostprocessing = 0;
		};
/* End PBXResourcesBuildPhase section */

/* Begin PBXSourcesBuildPhase section */
		9A79F65D2CA5D6870015AF4B /* Sources */ = {
			isa = PBXSourcesBuildPhase;
			buildActionMask = 2147483647;
			files = (
			);
			runOnlyForDeploymentPostprocessing = 0;
		};
		9A79F66D2CA5D6890015AF4B /* Sources */ = {
			isa = PBXSourcesBuildPhase;
			buildActionMask = 2147483647;
			files = (
			);
			runOnlyForDeploymentPostprocessing = 0;
		};
		9A79F6772CA5D6890015AF4B /* Sources */ = {
			isa = PBXSourcesBuildPhase;
			buildActionMask = 2147483647;
			files = (
			);
			runOnlyForDeploymentPostprocessing = 0;
		};
/* End PBXSourcesBuildPhase section */

/* Begin PBXTargetDependency section */
		9A79F6732CA5D6890015AF4B /* PBXTargetDependency */ = {
			isa = PBXTargetDependency;
			target = 9A79F6602CA5D6870015AF4B /* Reciplease */;
			targetProxy = 9A79F6722CA5D6890015AF4B /* PBXContainerItemProxy */;
		};
		9A79F67D2CA5D6890015AF4B /* PBXTargetDependency */ = {
			isa = PBXTargetDependency;
			target = 9A79F6602CA5D6870015AF4B /* Reciplease */;
			targetProxy = 9A79F67C2CA5D6890015AF4B /* PBXContainerItemProxy */;
		};
/* End PBXTargetDependency section */

/* Begin XCBuildConfiguration section */
		9A79F6832CA5D6890015AF4B /* Debug */ = {
			isa = XCBuildConfiguration;
			baseConfigurationReferenceAnchor = 9A79F6632CA5D6870015AF4B /* Reciplease */;
			baseConfigurationReferenceRelativePath = Config.xcconfig;
			buildSettings = {
				ALWAYS_SEARCH_USER_PATHS = NO;
				ASSETCATALOG_COMPILER_GENERATE_SWIFT_ASSET_SYMBOL_EXTENSIONS = YES;
				CLANG_ANALYZER_NONNULL = YES;
				CLANG_ANALYZER_NUMBER_OBJECT_CONVERSION = YES_AGGRESSIVE;
				CLANG_CXX_LANGUAGE_STANDARD = "gnu++20";
				CLANG_ENABLE_MODULES = YES;
				CLANG_ENABLE_OBJC_ARC = YES;
				CLANG_ENABLE_OBJC_WEAK = YES;
				CLANG_WARN_BLOCK_CAPTURE_AUTORELEASING = YES;
				CLANG_WARN_BOOL_CONVERSION = YES;
				CLANG_WARN_COMMA = YES;
				CLANG_WARN_CONSTANT_CONVERSION = YES;
				CLANG_WARN_DEPRECATED_OBJC_IMPLEMENTATIONS = YES;
				CLANG_WARN_DIRECT_OBJC_ISA_USAGE = YES_ERROR;
				CLANG_WARN_DOCUMENTATION_COMMENTS = YES;
				CLANG_WARN_EMPTY_BODY = YES;
				CLANG_WARN_ENUM_CONVERSION = YES;
				CLANG_WARN_INFINITE_RECURSION = YES;
				CLANG_WARN_INT_CONVERSION = YES;
				CLANG_WARN_NON_LITERAL_NULL_CONVERSION = YES;
				CLANG_WARN_OBJC_IMPLICIT_RETAIN_SELF = YES;
				CLANG_WARN_OBJC_LITERAL_CONVERSION = YES;
				CLANG_WARN_OBJC_ROOT_CLASS = YES_ERROR;
				CLANG_WARN_QUOTED_INCLUDE_IN_FRAMEWORK_HEADER = YES;
				CLANG_WARN_RANGE_LOOP_ANALYSIS = YES;
				CLANG_WARN_STRICT_PROTOTYPES = YES;
				CLANG_WARN_SUSPICIOUS_MOVE = YES;
				CLANG_WARN_UNGUARDED_AVAILABILITY = YES_AGGRESSIVE;
				CLANG_WARN_UNREACHABLE_CODE = YES;
				CLANG_WARN__DUPLICATE_METHOD_MATCH = YES;
				COPY_PHASE_STRIP = NO;
				DEBUG_INFORMATION_FORMAT = dwarf;
				ENABLE_STRICT_OBJC_MSGSEND = YES;
				ENABLE_TESTABILITY = YES;
				ENABLE_USER_SCRIPT_SANDBOXING = YES;
				GCC_C_LANGUAGE_STANDARD = gnu17;
				GCC_DYNAMIC_NO_PIC = NO;
				GCC_NO_COMMON_BLOCKS = YES;
				GCC_OPTIMIZATION_LEVEL = 0;
				GCC_PREPROCESSOR_DEFINITIONS = (
					"DEBUG=1",
					"$(inherited)",
				);
				GCC_WARN_64_TO_32_BIT_CONVERSION = YES;
				GCC_WARN_ABOUT_RETURN_TYPE = YES_ERROR;
				GCC_WARN_UNDECLARED_SELECTOR = YES;
				GCC_WARN_UNINITIALIZED_AUTOS = YES_AGGRESSIVE;
				GCC_WARN_UNUSED_FUNCTION = YES;
				GCC_WARN_UNUSED_VARIABLE = YES;
				IPHONEOS_DEPLOYMENT_TARGET = 18.0;
				LOCALIZATION_PREFERS_STRING_CATALOGS = YES;
				MTL_ENABLE_DEBUG_INFO = INCLUDE_SOURCE;
				MTL_FAST_MATH = YES;
				ONLY_ACTIVE_ARCH = YES;
				SDKROOT = iphoneos;
				SWIFT_ACTIVE_COMPILATION_CONDITIONS = "DEBUG $(inherited)";
				SWIFT_OPTIMIZATION_LEVEL = "-Onone";
			};
			name = Debug;
		};
		9A79F6842CA5D6890015AF4B /* Release */ = {
			isa = XCBuildConfiguration;
			baseConfigurationReferenceAnchor = 9A79F6632CA5D6870015AF4B /* Reciplease */;
			baseConfigurationReferenceRelativePath = Config.xcconfig;
			buildSettings = {
				ALWAYS_SEARCH_USER_PATHS = NO;
				ASSETCATALOG_COMPILER_GENERATE_SWIFT_ASSET_SYMBOL_EXTENSIONS = YES;
				CLANG_ANALYZER_NONNULL = YES;
				CLANG_ANALYZER_NUMBER_OBJECT_CONVERSION = YES_AGGRESSIVE;
				CLANG_CXX_LANGUAGE_STANDARD = "gnu++20";
				CLANG_ENABLE_MODULES = YES;
				CLANG_ENABLE_OBJC_ARC = YES;
				CLANG_ENABLE_OBJC_WEAK = YES;
				CLANG_WARN_BLOCK_CAPTURE_AUTORELEASING = YES;
				CLANG_WARN_BOOL_CONVERSION = YES;
				CLANG_WARN_COMMA = YES;
				CLANG_WARN_CONSTANT_CONVERSION = YES;
				CLANG_WARN_DEPRECATED_OBJC_IMPLEMENTATIONS = YES;
				CLANG_WARN_DIRECT_OBJC_ISA_USAGE = YES_ERROR;
				CLANG_WARN_DOCUMENTATION_COMMENTS = YES;
				CLANG_WARN_EMPTY_BODY = YES;
				CLANG_WARN_ENUM_CONVERSION = YES;
				CLANG_WARN_INFINITE_RECURSION = YES;
				CLANG_WARN_INT_CONVERSION = YES;
				CLANG_WARN_NON_LITERAL_NULL_CONVERSION = YES;
				CLANG_WARN_OBJC_IMPLICIT_RETAIN_SELF = YES;
				CLANG_WARN_OBJC_LITERAL_CONVERSION = YES;
				CLANG_WARN_OBJC_ROOT_CLASS = YES_ERROR;
				CLANG_WARN_QUOTED_INCLUDE_IN_FRAMEWORK_HEADER = YES;
				CLANG_WARN_RANGE_LOOP_ANALYSIS = YES;
				CLANG_WARN_STRICT_PROTOTYPES = YES;
				CLANG_WARN_SUSPICIOUS_MOVE = YES;
				CLANG_WARN_UNGUARDED_AVAILABILITY = YES_AGGRESSIVE;
				CLANG_WARN_UNREACHABLE_CODE = YES;
				CLANG_WARN__DUPLICATE_METHOD_MATCH = YES;
				COPY_PHASE_STRIP = NO;
				DEBUG_INFORMATION_FORMAT = "dwarf-with-dsym";
				ENABLE_NS_ASSERTIONS = NO;
				ENABLE_STRICT_OBJC_MSGSEND = YES;
				ENABLE_USER_SCRIPT_SANDBOXING = YES;
				GCC_C_LANGUAGE_STANDARD = gnu17;
				GCC_NO_COMMON_BLOCKS = YES;
				GCC_WARN_64_TO_32_BIT_CONVERSION = YES;
				GCC_WARN_ABOUT_RETURN_TYPE = YES_ERROR;
				GCC_WARN_UNDECLARED_SELECTOR = YES;
				GCC_WARN_UNINITIALIZED_AUTOS = YES_AGGRESSIVE;
				GCC_WARN_UNUSED_FUNCTION = YES;
				GCC_WARN_UNUSED_VARIABLE = YES;
				IPHONEOS_DEPLOYMENT_TARGET = 18.0;
				LOCALIZATION_PREFERS_STRING_CATALOGS = YES;
				MTL_ENABLE_DEBUG_INFO = NO;
				MTL_FAST_MATH = YES;
				SDKROOT = iphoneos;
				SWIFT_COMPILATION_MODE = wholemodule;
				VALIDATE_PRODUCT = YES;
			};
			name = Release;
		};
		9A79F6862CA5D6890015AF4B /* Debug */ = {
			isa = XCBuildConfiguration;
			baseConfigurationReferenceAnchor = 9A79F6632CA5D6870015AF4B /* Reciplease */;
			baseConfigurationReferenceRelativePath = Config.xcconfig;
			buildSettings = {
				ASSETCATALOG_COMPILER_APPICON_NAME = AppIcon;
				ASSETCATALOG_COMPILER_GLOBAL_ACCENT_COLOR_NAME = AccentColor;
				CODE_SIGN_STYLE = Automatic;
				CURRENT_PROJECT_VERSION = 1;
				DEVELOPMENT_ASSET_PATHS = "\"Reciplease/Preview Content\"";
				DEVELOPMENT_TEAM = 257XYBXF37;
				ENABLE_PREVIEWS = YES;
				GENERATE_INFOPLIST_FILE = YES;
				INFOPLIST_FILE = Reciplease/Info.plist;
				INFOPLIST_KEY_LSApplicationCategoryType = "public.app-category.food-and-drink";
				INFOPLIST_KEY_UIApplicationSceneManifest_Generation = YES;
				INFOPLIST_KEY_UIApplicationSupportsIndirectInputEvents = YES;
				INFOPLIST_KEY_UILaunchScreen_Generation = YES;
				INFOPLIST_KEY_UISupportedInterfaceOrientations_iPad = "UIInterfaceOrientationPortrait UIInterfaceOrientationPortraitUpsideDown UIInterfaceOrientationLandscapeLeft UIInterfaceOrientationLandscapeRight";
				INFOPLIST_KEY_UISupportedInterfaceOrientations_iPhone = "UIInterfaceOrientationPortrait UIInterfaceOrientationLandscapeLeft UIInterfaceOrientationLandscapeRight";
				LD_RUNPATH_SEARCH_PATHS = (
					"$(inherited)",
					"@executable_path/Frameworks",
				);
				MARKETING_VERSION = 1.0;
				PRODUCT_BUNDLE_IDENTIFIER = "com.bilal-dallali.Reciplease";
				PRODUCT_NAME = "$(TARGET_NAME)";
				SWIFT_EMIT_LOC_STRINGS = YES;
				SWIFT_VERSION = 5.0;
				TARGETED_DEVICE_FAMILY = "1,2";
			};
			name = Debug;
		};
		9A79F6872CA5D6890015AF4B /* Release */ = {
			isa = XCBuildConfiguration;
			baseConfigurationReferenceAnchor = 9A79F6632CA5D6870015AF4B /* Reciplease */;
			baseConfigurationReferenceRelativePath = Config.xcconfig;
			buildSettings = {
				ASSETCATALOG_COMPILER_APPICON_NAME = AppIcon;
				ASSETCATALOG_COMPILER_GLOBAL_ACCENT_COLOR_NAME = AccentColor;
				CODE_SIGN_STYLE = Automatic;
				CURRENT_PROJECT_VERSION = 1;
				DEVELOPMENT_ASSET_PATHS = "\"Reciplease/Preview Content\"";
				DEVELOPMENT_TEAM = 257XYBXF37;
				ENABLE_PREVIEWS = YES;
				GENERATE_INFOPLIST_FILE = YES;
				INFOPLIST_FILE = Reciplease/Info.plist;
				INFOPLIST_KEY_LSApplicationCategoryType = "public.app-category.food-and-drink";
				INFOPLIST_KEY_UIApplicationSceneManifest_Generation = YES;
				INFOPLIST_KEY_UIApplicationSupportsIndirectInputEvents = YES;
				INFOPLIST_KEY_UILaunchScreen_Generation = YES;
				INFOPLIST_KEY_UISupportedInterfaceOrientations_iPad = "UIInterfaceOrientationPortrait UIInterfaceOrientationPortraitUpsideDown UIInterfaceOrientationLandscapeLeft UIInterfaceOrientationLandscapeRight";
				INFOPLIST_KEY_UISupportedInterfaceOrientations_iPhone = "UIInterfaceOrientationPortrait UIInterfaceOrientationLandscapeLeft UIInterfaceOrientationLandscapeRight";
				LD_RUNPATH_SEARCH_PATHS = (
					"$(inherited)",
					"@executable_path/Frameworks",
				);
				MARKETING_VERSION = 1.0;
				PRODUCT_BUNDLE_IDENTIFIER = "com.bilal-dallali.Reciplease";
				PRODUCT_NAME = "$(TARGET_NAME)";
				SWIFT_EMIT_LOC_STRINGS = YES;
				SWIFT_VERSION = 5.0;
				TARGETED_DEVICE_FAMILY = "1,2";
			};
			name = Release;
		};
		9A79F6892CA5D6890015AF4B /* Debug */ = {
			isa = XCBuildConfiguration;
			buildSettings = {
				BUNDLE_LOADER = "$(TEST_HOST)";
				CODE_SIGN_STYLE = Automatic;
				CURRENT_PROJECT_VERSION = 1;
				DEVELOPMENT_TEAM = 257XYBXF37;
				GENERATE_INFOPLIST_FILE = YES;
				IPHONEOS_DEPLOYMENT_TARGET = 18.0;
				MARKETING_VERSION = 1.0;
				PRODUCT_BUNDLE_IDENTIFIER = "com.bilal-dallali.RecipleaseTests";
				PRODUCT_NAME = "$(TARGET_NAME)";
				SWIFT_EMIT_LOC_STRINGS = NO;
				SWIFT_VERSION = 5.0;
				TARGETED_DEVICE_FAMILY = "1,2";
				TEST_HOST = "$(BUILT_PRODUCTS_DIR)/Reciplease.app/$(BUNDLE_EXECUTABLE_FOLDER_PATH)/Reciplease";
			};
			name = Debug;
		};
		9A79F68A2CA5D6890015AF4B /* Release */ = {
			isa = XCBuildConfiguration;
			buildSettings = {
				BUNDLE_LOADER = "$(TEST_HOST)";
				CODE_SIGN_STYLE = Automatic;
				CURRENT_PROJECT_VERSION = 1;
				DEVELOPMENT_TEAM = 257XYBXF37;
				GENERATE_INFOPLIST_FILE = YES;
				IPHONEOS_DEPLOYMENT_TARGET = 18.0;
				MARKETING_VERSION = 1.0;
				PRODUCT_BUNDLE_IDENTIFIER = "com.bilal-dallali.RecipleaseTests";
				PRODUCT_NAME = "$(TARGET_NAME)";
				SWIFT_EMIT_LOC_STRINGS = NO;
				SWIFT_VERSION = 5.0;
				TARGETED_DEVICE_FAMILY = "1,2";
				TEST_HOST = "$(BUILT_PRODUCTS_DIR)/Reciplease.app/$(BUNDLE_EXECUTABLE_FOLDER_PATH)/Reciplease";
			};
			name = Release;
		};
		9A79F68C2CA5D6890015AF4B /* Debug */ = {
			isa = XCBuildConfiguration;
			buildSettings = {
				CODE_SIGN_STYLE = Automatic;
				CURRENT_PROJECT_VERSION = 1;
				DEVELOPMENT_TEAM = 257XYBXF37;
				GENERATE_INFOPLIST_FILE = YES;
				MARKETING_VERSION = 1.0;
				PRODUCT_BUNDLE_IDENTIFIER = "com.bilal-dallali.RecipleaseUITests";
				PRODUCT_NAME = "$(TARGET_NAME)";
				SWIFT_EMIT_LOC_STRINGS = NO;
				SWIFT_VERSION = 5.0;
				TARGETED_DEVICE_FAMILY = "1,2";
				TEST_TARGET_NAME = Reciplease;
			};
			name = Debug;
		};
		9A79F68D2CA5D6890015AF4B /* Release */ = {
			isa = XCBuildConfiguration;
			buildSettings = {
				CODE_SIGN_STYLE = Automatic;
				CURRENT_PROJECT_VERSION = 1;
				DEVELOPMENT_TEAM = 257XYBXF37;
				GENERATE_INFOPLIST_FILE = YES;
				MARKETING_VERSION = 1.0;
				PRODUCT_BUNDLE_IDENTIFIER = "com.bilal-dallali.RecipleaseUITests";
				PRODUCT_NAME = "$(TARGET_NAME)";
				SWIFT_EMIT_LOC_STRINGS = NO;
				SWIFT_VERSION = 5.0;
				TARGETED_DEVICE_FAMILY = "1,2";
				TEST_TARGET_NAME = Reciplease;
			};
			name = Release;
		};
/* End XCBuildConfiguration section */

/* Begin XCConfigurationList section */
		9A79F65C2CA5D6870015AF4B /* Build configuration list for PBXProject "Reciplease" */ = {
			isa = XCConfigurationList;
			buildConfigurations = (
				9A79F6832CA5D6890015AF4B /* Debug */,
				9A79F6842CA5D6890015AF4B /* Release */,
			);
			defaultConfigurationIsVisible = 0;
			defaultConfigurationName = Release;
		};
		9A79F6852CA5D6890015AF4B /* Build configuration list for PBXNativeTarget "Reciplease" */ = {
			isa = XCConfigurationList;
			buildConfigurations = (
				9A79F6862CA5D6890015AF4B /* Debug */,
				9A79F6872CA5D6890015AF4B /* Release */,
			);
			defaultConfigurationIsVisible = 0;
			defaultConfigurationName = Release;
		};
		9A79F6882CA5D6890015AF4B /* Build configuration list for PBXNativeTarget "RecipleaseTests" */ = {
			isa = XCConfigurationList;
			buildConfigurations = (
				9A79F6892CA5D6890015AF4B /* Debug */,
				9A79F68A2CA5D6890015AF4B /* Release */,
			);
			defaultConfigurationIsVisible = 0;
			defaultConfigurationName = Release;
		};
		9A79F68B2CA5D6890015AF4B /* Build configuration list for PBXNativeTarget "RecipleaseUITests" */ = {
			isa = XCConfigurationList;
			buildConfigurations = (
				9A79F68C2CA5D6890015AF4B /* Debug */,
				9A79F68D2CA5D6890015AF4B /* Release */,
			);
			defaultConfigurationIsVisible = 0;
			defaultConfigurationName = Release;
		};
/* End XCConfigurationList section */

/* Begin XCRemoteSwiftPackageReference section */
		E1BDC2392D4020BF009EBDFF /* XCRemoteSwiftPackageReference "Alamofire" */ = {
			isa = XCRemoteSwiftPackageReference;
			repositoryURL = "https://github.com/Alamofire/Alamofire.git";
			requirement = {
				kind = upToNextMajorVersion;
				minimumVersion = 5.10.2;
			};
		};
		E1F79D7E2D7843800071E750 /* XCRemoteSwiftPackageReference "Mocker" */ = {
			isa = XCRemoteSwiftPackageReference;
			repositoryURL = "https://github.com/WeTransfer/Mocker";
			requirement = {
				kind = upToNextMajorVersion;
				minimumVersion = 3.0.2;
			};
		};
/* End XCRemoteSwiftPackageReference section */

/* Begin XCSwiftPackageProductDependency section */
		E1BDC23A2D4020BF009EBDFF /* Alamofire */ = {
			isa = XCSwiftPackageProductDependency;
			package = E1BDC2392D4020BF009EBDFF /* XCRemoteSwiftPackageReference "Alamofire" */;
			productName = Alamofire;
		};
		E1F79D7F2D7843800071E750 /* Mocker */ = {
			isa = XCSwiftPackageProductDependency;
			package = E1F79D7E2D7843800071E750 /* XCRemoteSwiftPackageReference "Mocker" */;
			productName = Mocker;
		};
/* End XCSwiftPackageProductDependency section */
	};
	rootObject = 9A79F6592CA5D6870015AF4B /* Project object */;
}
